// !$*UTF8*$!
{
	archiveVersion = 1;
	classes = {
	};
	objectVersion = 56;
	objects = {

/* Begin PBXFileReference section */
		804A1B5D2A1444AC001A3D0C /* Ejercicios_intermedio_RubenAlonso.playground */ = {isa = PBXFileReference; lastKnownFileType = file.playground; path = Ejercicios_intermedio_RubenAlonso.playground; sourceTree = "<group>"; };
		804A1B5E2A1444AC001A3D0C /* Ejercicios básicos_RubenAlonso.playground */ = {isa = PBXFileReference; lastKnownFileType = file.playground; path = "Ejercicios básicos_RubenAlonso.playground"; sourceTree = "<group>"; };
		804A1B5F2A1444AC001A3D0C /* Ejercicios refuerzo_RubenAlonso.playground */ = {isa = PBXFileReference; lastKnownFileType = file.playground; path = "Ejercicios refuerzo_RubenAlonso.playground"; sourceTree = "<group>"; };
		80A375FD2A5CA6FE00148A6A /* Ejercicios_AsyncAwait_Ruben_Alonso.playground */ = {isa = PBXFileReference; lastKnownFileType = file.playground; path = Ejercicios_AsyncAwait_Ruben_Alonso.playground; sourceTree = "<group>"; };
/* End PBXFileReference section */

/* Begin PBXGroup section */
		8024A4CC2A1440C500FC4040 = {
			isa = PBXGroup;
			children = (
				804A1B5E2A1444AC001A3D0C /* Ejercicios básicos_RubenAlonso.playground */,
				804A1B5D2A1444AC001A3D0C /* Ejercicios_intermedio_RubenAlonso.playground */,
				804A1B5F2A1444AC001A3D0C /* Ejercicios refuerzo_RubenAlonso.playground */,
				80A375FD2A5CA6FE00148A6A /* Ejercicios_AsyncAwait_Ruben_Alonso.playground */,
			);
			sourceTree = "<group>";
		};
/* End PBXGroup section */

/* Begin PBXProject section */
		8024A4CD2A1440C500FC4040 /* Project object */ = {
			isa = PBXProject;
			attributes = {
				BuildIndependentTargetsInParallel = 1;
				LastUpgradeCheck = 1430;
			};
			buildConfigurationList = 8024A4D02A1440C500FC4040 /* Build configuration list for PBXProject "Training_exercises" */;
			compatibilityVersion = "Xcode 14.0";
			developmentRegion = en;
			hasScannedForEncodings = 0;
			knownRegions = (
				en,
				Base,
			);
			mainGroup = 8024A4CC2A1440C500FC4040;
			projectDirPath = "";
			projectRoot = "";
			targets = (
			);
		};
/* End PBXProject section */

/* Begin XCBuildConfiguration section */
		8024A4D12A1440C500FC4040 /* Debug */ = {
			isa = XCBuildConfiguration;
			buildSettings = {
			};
			name = Debug;
		};
		8024A4D22A1440C500FC4040 /* Release */ = {
			isa = XCBuildConfiguration;
			buildSettings = {
			};
			name = Release;
		};
/* End XCBuildConfiguration section */

/* Begin XCConfigurationList section */
		8024A4D02A1440C500FC4040 /* Build configuration list for PBXProject "Training_exercises" */ = {
			isa = XCConfigurationList;
			buildConfigurations = (
				8024A4D12A1440C500FC4040 /* Debug */,
				8024A4D22A1440C500FC4040 /* Release */,
			);
			defaultConfigurationIsVisible = 0;
			defaultConfigurationName = Release;
		};
/* End XCConfigurationList section */
	};
	rootObject = 8024A4CD2A1440C500FC4040 /* Project object */;
}
